
Microsoft Visual Studio Solution File, Format Version 12.00
# Visual Studio Version 16
VisualStudioVersion = 16.0.810.25
MinimumVisualStudioVersion = 10.0.40219.1
Project("{FAE04EC0-301F-11D3-BF4B-00C04F79EFBC}") = "Colloseum_Game", "Colloseum_Game.csproj", "{A9B71B18-55B3-462A-AEE9-2CE9C443B2C9}"
EndProject
Global
	GlobalSection(SolutionConfigurationPlatforms) = preSolution
		Debug|anycpu = Debug|anycpu
		Release|anycpu = Release|anycpu
	EndGlobalSection
	GlobalSection(ProjectConfigurationPlatforms) = postSolution
		{A9B71B18-55B3-462A-AEE9-2CE9C443B2C9}.Debug|anycpu.ActiveCfg = Debug|anycpu
		{A9B71B18-55B3-462A-AEE9-2CE9C443B2C9}.Debug|anycpu.Build.0 = Debug|anycpu
		{A9B71B18-55B3-462A-AEE9-2CE9C443B2C9}.Release|anycpu.ActiveCfg = Release|anycpu
		{A9B71B18-55B3-462A-AEE9-2CE9C443B2C9}.Release|anycpu.Build.0 = Release|anycpu
	EndGlobalSection
	GlobalSection(SolutionProperties) = preSolution
		HideSolutionNode = FALSE
	EndGlobalSection
	GlobalSection(ExtensibilityGlobals) = postSolution
		SolutionGuid = {A126F1E3-C9AD-4417-B980-675660942D82}
	EndGlobalSection
EndGlobal
